
Microsoft Visual Studio Solution File, Format Version 12.00
# Visual Studio 15
VisualStudioVersion = 15.0.27703.2018
MinimumVisualStudioVersion = 10.0.40219.1
Project("{8BC9CEB8-8B4A-11D0-8D11-00A0C91BC942}") = "wmPlayer", "wmPlayer\wmPlayer.vcxproj", "{18F634AE-F4AD-48AD-8C1D-7DC7A39D6B8D}"
EndProject
Global
	GlobalSection(SolutionConfigurationPlatforms) = preSolution
		Debug|x64 = Debug|x64
		Debug|x86 = Debug|x86
		Release|x64 = Release|x64
		Release|x86 = Release|x86
	EndGlobalSection
	GlobalSection(ProjectConfigurationPlatforms) = postSolution
		{18F634AE-F4AD-48AD-8C1D-7DC7A39D6B8D}.Debug|x64.ActiveCfg = Debug|x64
		{18F634AE-F4AD-48AD-8C1D-7DC7A39D6B8D}.Debug|x64.Build.0 = Debug|x64
		{18F634AE-F4AD-48AD-8C1D-7DC7A39D6B8D}.Debug|x86.ActiveCfg = Debug|Win32
		{18F634AE-F4AD-48AD-8C1D-7DC7A39D6B8D}.Debug|x86.Build.0 = Debug|Win32
		{18F634AE-F4AD-48AD-8C1D-7DC7A39D6B8D}.Release|x64.ActiveCfg = Release|x64
		{18F634AE-F4AD-48AD-8C1D-7DC7A39D6B8D}.Release|x64.Build.0 = Release|x64
		{18F634AE-F4AD-48AD-8C1D-7DC7A39D6B8D}.Release|x86.ActiveCfg = Release|Win32
		{18F634AE-F4AD-48AD-8C1D-7DC7A39D6B8D}.Release|x86.Build.0 = Release|Win32
	EndGlobalSection
	GlobalSection(SolutionProperties) = preSolution
		HideSolutionNode = FALSE
	EndGlobalSection
	GlobalSection(ExtensibilityGlobals) = postSolution
		SolutionGuid = {77670523-3DCA-4206-A5C8-BF698A815789}
	EndGlobalSection
EndGlobal
